
Microsoft Visual Studio Solution File, Format Version 12.00
# Visual Studio 15
VisualStudioVersion = 15.0.27130.2027
MinimumVisualStudioVersion = 10.0.40219.1
Project("{FAE04EC0-301F-11D3-BF4B-00C04F79EFBC}") = "FinalAssignmentSDT", "FinalAssignmentSDT\FinalAssignmentSDT.csproj", "{9ECB83EC-6A52-40FF-BA98-E7C1CDB0D18C}"
EndProject
Global
	GlobalSection(SolutionConfigurationPlatforms) = preSolution
		Debug|Any CPU = Debug|Any CPU
		Release|Any CPU = Release|Any CPU
	EndGlobalSection
	GlobalSection(ProjectConfigurationPlatforms) = postSolution
		{9ECB83EC-6A52-40FF-BA98-E7C1CDB0D18C}.Debug|Any CPU.ActiveCfg = Debug|Any CPU
		{9ECB83EC-6A52-40FF-BA98-E7C1CDB0D18C}.Debug|Any CPU.Build.0 = Debug|Any CPU
		{9ECB83EC-6A52-40FF-BA98-E7C1CDB0D18C}.Release|Any CPU.ActiveCfg = Release|Any CPU
		{9ECB83EC-6A52-40FF-BA98-E7C1CDB0D18C}.Release|Any CPU.Build.0 = Release|Any CPU
	EndGlobalSection
	GlobalSection(SolutionProperties) = preSolution
		HideSolutionNode = FALSE
	EndGlobalSection
	GlobalSection(ExtensibilityGlobals) = postSolution
		SolutionGuid = {E8CE8D4B-060B-4C21-80F1-4CA645906BAF}
	EndGlobalSection
EndGlobal
